
Microsoft Visual Studio Solution File, Format Version 12.00
# Visual Studio Version 16
VisualStudioVersion = 16.0.30523.141
MinimumVisualStudioVersion = 10.0.40219.1
Project("{FAE04EC0-301F-11D3-BF4B-00C04F79EFBC}") = "06_Ex", "06_Ex\06_Ex.csproj", "{A1344B18-6872-40CA-BD43-98B0E0D39CF4}"
EndProject
Global
	GlobalSection(SolutionConfigurationPlatforms) = preSolution
		Debug|Any CPU = Debug|Any CPU
		Release|Any CPU = Release|Any CPU
	EndGlobalSection
	GlobalSection(ProjectConfigurationPlatforms) = postSolution
		{A1344B18-6872-40CA-BD43-98B0E0D39CF4}.Debug|Any CPU.ActiveCfg = Debug|Any CPU
		{A1344B18-6872-40CA-BD43-98B0E0D39CF4}.Debug|Any CPU.Build.0 = Debug|Any CPU
		{A1344B18-6872-40CA-BD43-98B0E0D39CF4}.Release|Any CPU.ActiveCfg = Release|Any CPU
		{A1344B18-6872-40CA-BD43-98B0E0D39CF4}.Release|Any CPU.Build.0 = Release|Any CPU
	EndGlobalSection
	GlobalSection(SolutionProperties) = preSolution
		HideSolutionNode = FALSE
	EndGlobalSection
	GlobalSection(ExtensibilityGlobals) = postSolution
		SolutionGuid = {FAD1C8A6-AB47-49AD-B206-E3E061B574D7}
	EndGlobalSection
EndGlobal
